// !$*UTF8*$!
{
	archiveVersion = 1;
	classes = {
	};
	objectVersion = 50;
	objects = {

/* Begin PBXBuildFile section */
		AC16810522284E730012B378 /* SharedImagesListCell.swift in Sources */ = {isa = PBXBuildFile; fileRef = AC16810422284E730012B378 /* SharedImagesListCell.swift */; };
		AC168107222857DD0012B378 /* SharedImagesListCell.xib in Resources */ = {isa = PBXBuildFile; fileRef = AC168106222857DD0012B378 /* SharedImagesListCell.xib */; };
		AC168109222879500012B378 /* SharedImagesListDataSource.swift in Sources */ = {isa = PBXBuildFile; fileRef = AC168108222879500012B378 /* SharedImagesListDataSource.swift */; };
		AC168113222C4BBC0012B378 /* SharedImagePreviewViewController.swift in Sources */ = {isa = PBXBuildFile; fileRef = AC16810C222C4BBB0012B378 /* SharedImagePreviewViewController.swift */; };
		AC168114222C4BBC0012B378 /* SharedImagePreviewViewController.xib in Resources */ = {isa = PBXBuildFile; fileRef = AC16810D222C4BBB0012B378 /* SharedImagePreviewViewController.xib */; };
		AC168115222C4BBC0012B378 /* SharedImagePreviewRouterFactory.swift in Sources */ = {isa = PBXBuildFile; fileRef = AC16810E222C4BBB0012B378 /* SharedImagePreviewRouterFactory.swift */; };
		AC168116222C4BBC0012B378 /* SharedImagePreviewInteractor.swift in Sources */ = {isa = PBXBuildFile; fileRef = AC16810F222C4BBB0012B378 /* SharedImagePreviewInteractor.swift */; };
		AC168117222C4BBC0012B378 /* SharedImagePreviewRouter.swift in Sources */ = {isa = PBXBuildFile; fileRef = AC168110222C4BBC0012B378 /* SharedImagePreviewRouter.swift */; };
		AC168118222C4BBC0012B378 /* SharedImagePreviewPresenter.swift in Sources */ = {isa = PBXBuildFile; fileRef = AC168111222C4BBC0012B378 /* SharedImagePreviewPresenter.swift */; };
		AC168119222C4BBC0012B378 /* SharedImagePreviewDisplayFactory.swift in Sources */ = {isa = PBXBuildFile; fileRef = AC168112222C4BBC0012B378 /* SharedImagePreviewDisplayFactory.swift */; };
		AC6640812206E19F00C95B6E /* AppDelegate.swift in Sources */ = {isa = PBXBuildFile; fileRef = AC6640802206E19F00C95B6E /* AppDelegate.swift */; };
		AC6640832206E19F00C95B6E /* ImageEditorViewController.swift in Sources */ = {isa = PBXBuildFile; fileRef = AC6640822206E19F00C95B6E /* ImageEditorViewController.swift */; };
		AC66408B2206E1A300C95B6E /* LaunchScreen.storyboard in Resources */ = {isa = PBXBuildFile; fileRef = AC6640892206E1A300C95B6E /* LaunchScreen.storyboard */; };
		AC664093220774BA00C95B6E /* ImageEditorRouter.swift in Sources */ = {isa = PBXBuildFile; fileRef = AC664092220774BA00C95B6E /* ImageEditorRouter.swift */; };
		AC6640952207753200C95B6E /* ImageEditorInteractor.swift in Sources */ = {isa = PBXBuildFile; fileRef = AC6640942207753200C95B6E /* ImageEditorInteractor.swift */; };
		AC66409B22078EB500C95B6E /* KeyboardSlide.swift in Sources */ = {isa = PBXBuildFile; fileRef = AC66409A22078EB500C95B6E /* KeyboardSlide.swift */; };
		AC66409D220A231000C95B6E /* Meme.swift in Sources */ = {isa = PBXBuildFile; fileRef = AC66409C220A231000C95B6E /* Meme.swift */; };
		AC66409F220A411B00C95B6E /* ImageEditorPresenter.swift in Sources */ = {isa = PBXBuildFile; fileRef = AC66409E220A411B00C95B6E /* ImageEditorPresenter.swift */; };
		AC6640A1220A485700C95B6E /* UserText.swift in Sources */ = {isa = PBXBuildFile; fileRef = AC6640A0220A485700C95B6E /* UserText.swift */; };
		AC6640A7220B7A7500C95B6E /* ImageEditorViewState.swift in Sources */ = {isa = PBXBuildFile; fileRef = AC6640A6220B7A7500C95B6E /* ImageEditorViewState.swift */; };
		AC6640AA220B8CC700C95B6E /* Theme.swift in Sources */ = {isa = PBXBuildFile; fileRef = AC6640A9220B8CC700C95B6E /* Theme.swift */; };
		AC6640AC220B8DA200C95B6E /* Asset.xcassets in Resources */ = {isa = PBXBuildFile; fileRef = AC6640AB220B8DA200C95B6E /* Asset.xcassets */; };
		AC6640AE220CB3DD00C95B6E /* ImageEditorDisplayFactory.swift in Sources */ = {isa = PBXBuildFile; fileRef = AC6640AD220CB3DD00C95B6E /* ImageEditorDisplayFactory.swift */; };
		AC6640B0220CB8A000C95B6E /* ImageEditorRouterFactory.swift in Sources */ = {isa = PBXBuildFile; fileRef = AC6640AF220CB8A000C95B6E /* ImageEditorRouterFactory.swift */; };
		AC6640B6220DF42600C95B6E /* ImageEditorViewController.xib in Resources */ = {isa = PBXBuildFile; fileRef = AC6640B5220DF42600C95B6E /* ImageEditorViewController.xib */; };
		ACFE04402225C3A3005DCE14 /* SharedImagesListViewController.swift in Sources */ = {isa = PBXBuildFile; fileRef = ACFE04392225C3A3005DCE14 /* SharedImagesListViewController.swift */; };
		ACFE04412225C3A3005DCE14 /* SharedImagesListViewController.xib in Resources */ = {isa = PBXBuildFile; fileRef = ACFE043A2225C3A3005DCE14 /* SharedImagesListViewController.xib */; };
		ACFE04422225C3A3005DCE14 /* SharedImagesListRouterFactory.swift in Sources */ = {isa = PBXBuildFile; fileRef = ACFE043B2225C3A3005DCE14 /* SharedImagesListRouterFactory.swift */; };
		ACFE04432225C3A3005DCE14 /* SharedImagesListInteractor.swift in Sources */ = {isa = PBXBuildFile; fileRef = ACFE043C2225C3A3005DCE14 /* SharedImagesListInteractor.swift */; };
		ACFE04442225C3A3005DCE14 /* SharedImagesListRouter.swift in Sources */ = {isa = PBXBuildFile; fileRef = ACFE043D2225C3A3005DCE14 /* SharedImagesListRouter.swift */; };
		ACFE04452225C3A3005DCE14 /* SharedImagesListPresenter.swift in Sources */ = {isa = PBXBuildFile; fileRef = ACFE043E2225C3A3005DCE14 /* SharedImagesListPresenter.swift */; };
		ACFE04462225C3A3005DCE14 /* SharedImagesListDisplayFactory.swift in Sources */ = {isa = PBXBuildFile; fileRef = ACFE043F2225C3A3005DCE14 /* SharedImagesListDisplayFactory.swift */; };
		ACFE046B2225CBEC005DCE14 /* MainTabBarViewController.swift in Sources */ = {isa = PBXBuildFile; fileRef = ACFE04642225CBEC005DCE14 /* MainTabBarViewController.swift */; };
		ACFE046D2225CBEC005DCE14 /* MainTabBarRouterFactory.swift in Sources */ = {isa = PBXBuildFile; fileRef = ACFE04662225CBEC005DCE14 /* MainTabBarRouterFactory.swift */; };
		ACFE046F2225CBEC005DCE14 /* MainTabBarRouter.swift in Sources */ = {isa = PBXBuildFile; fileRef = ACFE04682225CBEC005DCE14 /* MainTabBarRouter.swift */; };
		ACFE04712225CBEC005DCE14 /* MainTabBarDisplayFactory.swift in Sources */ = {isa = PBXBuildFile; fileRef = ACFE046A2225CBEC005DCE14 /* MainTabBarDisplayFactory.swift */; };
		ACFE047A2225D128005DCE14 /* SharedImagesGridViewController.swift in Sources */ = {isa = PBXBuildFile; fileRef = ACFE04732225D128005DCE14 /* SharedImagesGridViewController.swift */; };
		ACFE047B2225D128005DCE14 /* SharedImagesGridViewController.xib in Resources */ = {isa = PBXBuildFile; fileRef = ACFE04742225D128005DCE14 /* SharedImagesGridViewController.xib */; };
		ACFE047C2225D128005DCE14 /* SharedImagesGridRouterFactory.swift in Sources */ = {isa = PBXBuildFile; fileRef = ACFE04752225D128005DCE14 /* SharedImagesGridRouterFactory.swift */; };
		ACFE047D2225D128005DCE14 /* SharedImagesGridInteractor.swift in Sources */ = {isa = PBXBuildFile; fileRef = ACFE04762225D128005DCE14 /* SharedImagesGridInteractor.swift */; };
		ACFE047E2225D128005DCE14 /* SharedImagesGridRouter.swift in Sources */ = {isa = PBXBuildFile; fileRef = ACFE04772225D128005DCE14 /* SharedImagesGridRouter.swift */; };
		ACFE047F2225D128005DCE14 /* SharedImagesGridPresenter.swift in Sources */ = {isa = PBXBuildFile; fileRef = ACFE04782225D128005DCE14 /* SharedImagesGridPresenter.swift */; };
		ACFE04802225D128005DCE14 /* SharedImagesGridDisplayFactory.swift in Sources */ = {isa = PBXBuildFile; fileRef = ACFE04792225D128005DCE14 /* SharedImagesGridDisplayFactory.swift */; };
		ACFE04832227201B005DCE14 /* ImageStorageManager.swift in Sources */ = {isa = PBXBuildFile; fileRef = ACFE04822227201B005DCE14 /* ImageStorageManager.swift */; };
		ACFE0486222724A0005DCE14 /* ImageStore.xcdatamodeld in Sources */ = {isa = PBXBuildFile; fileRef = ACFE0484222724A0005DCE14 /* ImageStore.xcdatamodeld */; };
		ACFE04AA22273DC7005DCE14 /* Dependencies.swift in Sources */ = {isa = PBXBuildFile; fileRef = ACFE04A922273DC7005DCE14 /* Dependencies.swift */; };
/* End PBXBuildFile section */

/* Begin PBXFileReference section */
		AC16810422284E730012B378 /* SharedImagesListCell.swift */ = {isa = PBXFileReference; lastKnownFileType = sourcecode.swift; path = SharedImagesListCell.swift; sourceTree = "<group>"; };
		AC168106222857DD0012B378 /* SharedImagesListCell.xib */ = {isa = PBXFileReference; lastKnownFileType = file.xib; path = SharedImagesListCell.xib; sourceTree = "<group>"; };
		AC168108222879500012B378 /* SharedImagesListDataSource.swift */ = {isa = PBXFileReference; lastKnownFileType = sourcecode.swift; path = SharedImagesListDataSource.swift; sourceTree = "<group>"; };
		AC16810C222C4BBB0012B378 /* SharedImagePreviewViewController.swift */ = {isa = PBXFileReference; lastKnownFileType = sourcecode.swift; path = SharedImagePreviewViewController.swift; sourceTree = "<group>"; };
		AC16810D222C4BBB0012B378 /* SharedImagePreviewViewController.xib */ = {isa = PBXFileReference; lastKnownFileType = file.xib; path = SharedImagePreviewViewController.xib; sourceTree = "<group>"; };
		AC16810E222C4BBB0012B378 /* SharedImagePreviewRouterFactory.swift */ = {isa = PBXFileReference; lastKnownFileType = sourcecode.swift; path = SharedImagePreviewRouterFactory.swift; sourceTree = "<group>"; };
		AC16810F222C4BBB0012B378 /* SharedImagePreviewInteractor.swift */ = {isa = PBXFileReference; lastKnownFileType = sourcecode.swift; path = SharedImagePreviewInteractor.swift; sourceTree = "<group>"; };
		AC168110222C4BBC0012B378 /* SharedImagePreviewRouter.swift */ = {isa = PBXFileReference; lastKnownFileType = sourcecode.swift; path = SharedImagePreviewRouter.swift; sourceTree = "<group>"; };
		AC168111222C4BBC0012B378 /* SharedImagePreviewPresenter.swift */ = {isa = PBXFileReference; lastKnownFileType = sourcecode.swift; path = SharedImagePreviewPresenter.swift; sourceTree = "<group>"; };
		AC168112222C4BBC0012B378 /* SharedImagePreviewDisplayFactory.swift */ = {isa = PBXFileReference; lastKnownFileType = sourcecode.swift; path = SharedImagePreviewDisplayFactory.swift; sourceTree = "<group>"; };
		AC66407D2206E19F00C95B6E /* MemeMe.app */ = {isa = PBXFileReference; explicitFileType = wrapper.application; includeInIndex = 0; path = MemeMe.app; sourceTree = BUILT_PRODUCTS_DIR; };
		AC6640802206E19F00C95B6E /* AppDelegate.swift */ = {isa = PBXFileReference; lastKnownFileType = sourcecode.swift; path = AppDelegate.swift; sourceTree = "<group>"; };
		AC6640822206E19F00C95B6E /* ImageEditorViewController.swift */ = {isa = PBXFileReference; lastKnownFileType = sourcecode.swift; path = ImageEditorViewController.swift; sourceTree = "<group>"; };
		AC66408A2206E1A300C95B6E /* Base */ = {isa = PBXFileReference; lastKnownFileType = file.storyboard; name = Base; path = Base.lproj/LaunchScreen.storyboard; sourceTree = "<group>"; };
		AC66408C2206E1A300C95B6E /* Info.plist */ = {isa = PBXFileReference; lastKnownFileType = text.plist.xml; path = Info.plist; sourceTree = "<group>"; };
		AC664092220774BA00C95B6E /* ImageEditorRouter.swift */ = {isa = PBXFileReference; lastKnownFileType = sourcecode.swift; path = ImageEditorRouter.swift; sourceTree = "<group>"; };
		AC6640942207753200C95B6E /* ImageEditorInteractor.swift */ = {isa = PBXFileReference; lastKnownFileType = sourcecode.swift; path = ImageEditorInteractor.swift; sourceTree = "<group>"; };
		AC66409A22078EB500C95B6E /* KeyboardSlide.swift */ = {isa = PBXFileReference; lastKnownFileType = sourcecode.swift; path = KeyboardSlide.swift; sourceTree = "<group>"; };
		AC66409C220A231000C95B6E /* Meme.swift */ = {isa = PBXFileReference; lastKnownFileType = sourcecode.swift; path = Meme.swift; sourceTree = "<group>"; };
		AC66409E220A411B00C95B6E /* ImageEditorPresenter.swift */ = {isa = PBXFileReference; lastKnownFileType = sourcecode.swift; path = ImageEditorPresenter.swift; sourceTree = "<group>"; };
		AC6640A0220A485700C95B6E /* UserText.swift */ = {isa = PBXFileReference; lastKnownFileType = sourcecode.swift; path = UserText.swift; sourceTree = "<group>"; };
		AC6640A6220B7A7500C95B6E /* ImageEditorViewState.swift */ = {isa = PBXFileReference; lastKnownFileType = sourcecode.swift; path = ImageEditorViewState.swift; sourceTree = "<group>"; };
		AC6640A9220B8CC700C95B6E /* Theme.swift */ = {isa = PBXFileReference; lastKnownFileType = sourcecode.swift; path = Theme.swift; sourceTree = "<group>"; };
		AC6640AB220B8DA200C95B6E /* Asset.xcassets */ = {isa = PBXFileReference; lastKnownFileType = folder.assetcatalog; path = Asset.xcassets; sourceTree = "<group>"; };
		AC6640AD220CB3DD00C95B6E /* ImageEditorDisplayFactory.swift */ = {isa = PBXFileReference; lastKnownFileType = sourcecode.swift; path = ImageEditorDisplayFactory.swift; sourceTree = "<group>"; };
		AC6640AF220CB8A000C95B6E /* ImageEditorRouterFactory.swift */ = {isa = PBXFileReference; lastKnownFileType = sourcecode.swift; path = ImageEditorRouterFactory.swift; sourceTree = "<group>"; };
		AC6640B5220DF42600C95B6E /* ImageEditorViewController.xib */ = {isa = PBXFileReference; lastKnownFileType = file.xib; path = ImageEditorViewController.xib; sourceTree = "<group>"; };
		ACFE04392225C3A3005DCE14 /* SharedImagesListViewController.swift */ = {isa = PBXFileReference; lastKnownFileType = sourcecode.swift; path = SharedImagesListViewController.swift; sourceTree = "<group>"; };
		ACFE043A2225C3A3005DCE14 /* SharedImagesListViewController.xib */ = {isa = PBXFileReference; lastKnownFileType = file.xib; path = SharedImagesListViewController.xib; sourceTree = "<group>"; };
		ACFE043B2225C3A3005DCE14 /* SharedImagesListRouterFactory.swift */ = {isa = PBXFileReference; lastKnownFileType = sourcecode.swift; path = SharedImagesListRouterFactory.swift; sourceTree = "<group>"; };
		ACFE043C2225C3A3005DCE14 /* SharedImagesListInteractor.swift */ = {isa = PBXFileReference; lastKnownFileType = sourcecode.swift; path = SharedImagesListInteractor.swift; sourceTree = "<group>"; };
		ACFE043D2225C3A3005DCE14 /* SharedImagesListRouter.swift */ = {isa = PBXFileReference; lastKnownFileType = sourcecode.swift; path = SharedImagesListRouter.swift; sourceTree = "<group>"; };
		ACFE043E2225C3A3005DCE14 /* SharedImagesListPresenter.swift */ = {isa = PBXFileReference; lastKnownFileType = sourcecode.swift; path = SharedImagesListPresenter.swift; sourceTree = "<group>"; };
		ACFE043F2225C3A3005DCE14 /* SharedImagesListDisplayFactory.swift */ = {isa = PBXFileReference; lastKnownFileType = sourcecode.swift; path = SharedImagesListDisplayFactory.swift; sourceTree = "<group>"; };
		ACFE04642225CBEC005DCE14 /* MainTabBarViewController.swift */ = {isa = PBXFileReference; lastKnownFileType = sourcecode.swift; path = MainTabBarViewController.swift; sourceTree = "<group>"; };
		ACFE04662225CBEC005DCE14 /* MainTabBarRouterFactory.swift */ = {isa = PBXFileReference; lastKnownFileType = sourcecode.swift; path = MainTabBarRouterFactory.swift; sourceTree = "<group>"; };
		ACFE04682225CBEC005DCE14 /* MainTabBarRouter.swift */ = {isa = PBXFileReference; lastKnownFileType = sourcecode.swift; path = MainTabBarRouter.swift; sourceTree = "<group>"; };
		ACFE046A2225CBEC005DCE14 /* MainTabBarDisplayFactory.swift */ = {isa = PBXFileReference; lastKnownFileType = sourcecode.swift; path = MainTabBarDisplayFactory.swift; sourceTree = "<group>"; };
		ACFE04732225D128005DCE14 /* SharedImagesGridViewController.swift */ = {isa = PBXFileReference; lastKnownFileType = sourcecode.swift; path = SharedImagesGridViewController.swift; sourceTree = "<group>"; };
		ACFE04742225D128005DCE14 /* SharedImagesGridViewController.xib */ = {isa = PBXFileReference; lastKnownFileType = file.xib; path = SharedImagesGridViewController.xib; sourceTree = "<group>"; };
		ACFE04752225D128005DCE14 /* SharedImagesGridRouterFactory.swift */ = {isa = PBXFileReference; lastKnownFileType = sourcecode.swift; path = SharedImagesGridRouterFactory.swift; sourceTree = "<group>"; };
		ACFE04762225D128005DCE14 /* SharedImagesGridInteractor.swift */ = {isa = PBXFileReference; lastKnownFileType = sourcecode.swift; path = SharedImagesGridInteractor.swift; sourceTree = "<group>"; };
		ACFE04772225D128005DCE14 /* SharedImagesGridRouter.swift */ = {isa = PBXFileReference; lastKnownFileType = sourcecode.swift; path = SharedImagesGridRouter.swift; sourceTree = "<group>"; };
		ACFE04782225D128005DCE14 /* SharedImagesGridPresenter.swift */ = {isa = PBXFileReference; lastKnownFileType = sourcecode.swift; path = SharedImagesGridPresenter.swift; sourceTree = "<group>"; };
		ACFE04792225D128005DCE14 /* SharedImagesGridDisplayFactory.swift */ = {isa = PBXFileReference; lastKnownFileType = sourcecode.swift; path = SharedImagesGridDisplayFactory.swift; sourceTree = "<group>"; };
		ACFE04822227201B005DCE14 /* ImageStorageManager.swift */ = {isa = PBXFileReference; lastKnownFileType = sourcecode.swift; path = ImageStorageManager.swift; sourceTree = "<group>"; };
		ACFE0485222724A0005DCE14 /* Model.xcdatamodel */ = {isa = PBXFileReference; lastKnownFileType = wrapper.xcdatamodel; path = Model.xcdatamodel; sourceTree = "<group>"; };
		ACFE04A922273DC7005DCE14 /* Dependencies.swift */ = {isa = PBXFileReference; lastKnownFileType = sourcecode.swift; path = Dependencies.swift; sourceTree = "<group>"; };
/* End PBXFileReference section */

/* Begin PBXFrameworksBuildPhase section */
		AC66407A2206E19F00C95B6E /* Frameworks */ = {
			isa = PBXFrameworksBuildPhase;
			buildActionMask = 2147483647;
			files = (
			);
			runOnlyForDeploymentPostprocessing = 0;
		};
/* End PBXFrameworksBuildPhase section */

/* Begin PBXGroup section */
		AC16810322284E5E0012B378 /* Cell */ = {
			isa = PBXGroup;
			children = (
				AC16810422284E730012B378 /* SharedImagesListCell.swift */,
				AC168106222857DD0012B378 /* SharedImagesListCell.xib */,
			);
			path = Cell;
			sourceTree = "<group>";
		};
		AC16810A222879620012B378 /* Data Source */ = {
			isa = PBXGroup;
			children = (
				AC168108222879500012B378 /* SharedImagesListDataSource.swift */,
			);
			path = "Data Source";
			sourceTree = "<group>";
		};
		AC16810B222C4B910012B378 /* Image Preview */ = {
			isa = PBXGroup;
			children = (
				AC16810C222C4BBB0012B378 /* SharedImagePreviewViewController.swift */,
				AC16810D222C4BBB0012B378 /* SharedImagePreviewViewController.xib */,
				AC16810E222C4BBB0012B378 /* SharedImagePreviewRouterFactory.swift */,
				AC16810F222C4BBB0012B378 /* SharedImagePreviewInteractor.swift */,
				AC168110222C4BBC0012B378 /* SharedImagePreviewRouter.swift */,
				AC168111222C4BBC0012B378 /* SharedImagePreviewPresenter.swift */,
				AC168112222C4BBC0012B378 /* SharedImagePreviewDisplayFactory.swift */,
			);
			path = "Image Preview";
			sourceTree = "<group>";
		};
		AC6640742206E19F00C95B6E = {
			isa = PBXGroup;
			children = (
				AC66407F2206E19F00C95B6E /* MemeMe */,
				AC66407E2206E19F00C95B6E /* Products */,
			);
			sourceTree = "<group>";
		};
		AC66407E2206E19F00C95B6E /* Products */ = {
			isa = PBXGroup;
			children = (
				AC66407D2206E19F00C95B6E /* MemeMe.app */,
			);
			name = Products;
			sourceTree = "<group>";
		};
		AC66407F2206E19F00C95B6E /* MemeMe */ = {
			isa = PBXGroup;
			children = (
				ACFE04A822273DA8005DCE14 /* Dependencies */,
				ACFE048122271FEF005DCE14 /* Image Storage Manager */,
				ACFE04472225C4A4005DCE14 /* Tab Bar */,
				ACFE040B22248588005DCE14 /* Shared Images */,
				ACFE040A22248307005DCE14 /* Image Editor */,
				AC6640A8220B8CB600C95B6E /* Theme */,
				AC6640802206E19F00C95B6E /* AppDelegate.swift */,
				AC6640AB220B8DA200C95B6E /* Asset.xcassets */,
				AC6640892206E1A300C95B6E /* LaunchScreen.storyboard */,
				AC66408C2206E1A300C95B6E /* Info.plist */,
				ACFE0484222724A0005DCE14 /* ImageStore.xcdatamodeld */,
			);
			path = MemeMe;
			sourceTree = "<group>";
		};
		AC6640A8220B8CB600C95B6E /* Theme */ = {
			isa = PBXGroup;
			children = (
				AC6640A9220B8CC700C95B6E /* Theme.swift */,
			);
			path = Theme;
			sourceTree = "<group>";
		};
		ACFE040A22248307005DCE14 /* Image Editor */ = {
			isa = PBXGroup;
			children = (
				AC6640822206E19F00C95B6E /* ImageEditorViewController.swift */,
				AC66409A22078EB500C95B6E /* KeyboardSlide.swift */,
				AC6640B5220DF42600C95B6E /* ImageEditorViewController.xib */,
				AC6640AF220CB8A000C95B6E /* ImageEditorRouterFactory.swift */,
				AC664092220774BA00C95B6E /* ImageEditorRouter.swift */,
				AC6640AD220CB3DD00C95B6E /* ImageEditorDisplayFactory.swift */,
				AC6640942207753200C95B6E /* ImageEditorInteractor.swift */,
				AC66409E220A411B00C95B6E /* ImageEditorPresenter.swift */,
				AC6640A6220B7A7500C95B6E /* ImageEditorViewState.swift */,
				AC6640A0220A485700C95B6E /* UserText.swift */,
			);
			path = "Image Editor";
			sourceTree = "<group>";
		};
		ACFE040B22248588005DCE14 /* Shared Images */ = {
			isa = PBXGroup;
			children = (
				AC16810B222C4B910012B378 /* Image Preview */,
				ACFE04722225D107005DCE14 /* Grid */,
				ACFE040C222485D8005DCE14 /* List */,
			);
			path = "Shared Images";
			sourceTree = "<group>";
		};
		ACFE040C222485D8005DCE14 /* List */ = {
			isa = PBXGroup;
			children = (
				AC16810A222879620012B378 /* Data Source */,
				AC16810322284E5E0012B378 /* Cell */,
				ACFE04392225C3A3005DCE14 /* SharedImagesListViewController.swift */,
				ACFE043A2225C3A3005DCE14 /* SharedImagesListViewController.xib */,
				ACFE043B2225C3A3005DCE14 /* SharedImagesListRouterFactory.swift */,
				ACFE043C2225C3A3005DCE14 /* SharedImagesListInteractor.swift */,
				ACFE043D2225C3A3005DCE14 /* SharedImagesListRouter.swift */,
				ACFE043E2225C3A3005DCE14 /* SharedImagesListPresenter.swift */,
				ACFE043F2225C3A3005DCE14 /* SharedImagesListDisplayFactory.swift */,
			);
			path = List;
			sourceTree = "<group>";
		};
		ACFE04472225C4A4005DCE14 /* Tab Bar */ = {
			isa = PBXGroup;
			children = (
				ACFE04642225CBEC005DCE14 /* MainTabBarViewController.swift */,
				ACFE04662225CBEC005DCE14 /* MainTabBarRouterFactory.swift */,
				ACFE04682225CBEC005DCE14 /* MainTabBarRouter.swift */,
				ACFE046A2225CBEC005DCE14 /* MainTabBarDisplayFactory.swift */,
			);
			path = "Tab Bar";
			sourceTree = "<group>";
		};
		ACFE04722225D107005DCE14 /* Grid */ = {
			isa = PBXGroup;
			children = (
				ACFE04732225D128005DCE14 /* SharedImagesGridViewController.swift */,
				ACFE04742225D128005DCE14 /* SharedImagesGridViewController.xib */,
				ACFE04752225D128005DCE14 /* SharedImagesGridRouterFactory.swift */,
				ACFE04762225D128005DCE14 /* SharedImagesGridInteractor.swift */,
				ACFE04772225D128005DCE14 /* SharedImagesGridRouter.swift */,
				ACFE04782225D128005DCE14 /* SharedImagesGridPresenter.swift */,
				ACFE04792225D128005DCE14 /* SharedImagesGridDisplayFactory.swift */,
			);
			path = Grid;
			sourceTree = "<group>";
		};
		ACFE048122271FEF005DCE14 /* Image Storage Manager */ = {
			isa = PBXGroup;
			children = (
				ACFE04822227201B005DCE14 /* ImageStorageManager.swift */,
				AC66409C220A231000C95B6E /* Meme.swift */,
			);
			path = "Image Storage Manager";
			sourceTree = "<group>";
		};
		ACFE04A822273DA8005DCE14 /* Dependencies */ = {
			isa = PBXGroup;
			children = (
				ACFE04A922273DC7005DCE14 /* Dependencies.swift */,
			);
			path = Dependencies;
			sourceTree = "<group>";
		};
/* End PBXGroup section */

/* Begin PBXNativeTarget section */
		AC66407C2206E19F00C95B6E /* MemeMe */ = {
			isa = PBXNativeTarget;
			buildConfigurationList = AC66408F2206E1A300C95B6E /* Build configuration list for PBXNativeTarget "MemeMe" */;
			buildPhases = (
				AC6640792206E19F00C95B6E /* Sources */,
				AC66407A2206E19F00C95B6E /* Frameworks */,
				AC66407B2206E19F00C95B6E /* Resources */,
			);
			buildRules = (
			);
			dependencies = (
			);
			name = MemeMe;
			productName = MemeMe;
			productReference = AC66407D2206E19F00C95B6E /* MemeMe.app */;
			productType = "com.apple.product-type.application";
		};
/* End PBXNativeTarget section */

/* Begin PBXProject section */
		AC6640752206E19F00C95B6E /* Project object */ = {
			isa = PBXProject;
			attributes = {
				LastSwiftUpdateCheck = 1010;
				LastUpgradeCheck = 1010;
				ORGANIZATIONNAME = Udacity;
				TargetAttributes = {
					AC66407C2206E19F00C95B6E = {
						CreatedOnToolsVersion = 10.1;
					};
				};
			};
			buildConfigurationList = AC6640782206E19F00C95B6E /* Build configuration list for PBXProject "MemeMe" */;
			compatibilityVersion = "Xcode 9.3";
			developmentRegion = en;
			hasScannedForEncodings = 0;
			knownRegions = (
				en,
				Base,
			);
			mainGroup = AC6640742206E19F00C95B6E;
			productRefGroup = AC66407E2206E19F00C95B6E /* Products */;
			projectDirPath = "";
			projectRoot = "";
			targets = (
				AC66407C2206E19F00C95B6E /* MemeMe */,
			);
		};
/* End PBXProject section */

/* Begin PBXResourcesBuildPhase section */
		AC66407B2206E19F00C95B6E /* Resources */ = {
			isa = PBXResourcesBuildPhase;
			buildActionMask = 2147483647;
			files = (
				AC168114222C4BBC0012B378 /* SharedImagePreviewViewController.xib in Resources */,
				AC168107222857DD0012B378 /* SharedImagesListCell.xib in Resources */,
				AC6640AC220B8DA200C95B6E /* Asset.xcassets in Resources */,
				ACFE047B2225D128005DCE14 /* SharedImagesGridViewController.xib in Resources */,
				AC66408B2206E1A300C95B6E /* LaunchScreen.storyboard in Resources */,
				AC6640B6220DF42600C95B6E /* ImageEditorViewController.xib in Resources */,
				ACFE04412225C3A3005DCE14 /* SharedImagesListViewController.xib in Resources */,
			);
			runOnlyForDeploymentPostprocessing = 0;
		};
/* End PBXResourcesBuildPhase section */

/* Begin PBXSourcesBuildPhase section */
		AC6640792206E19F00C95B6E /* Sources */ = {
			isa = PBXSourcesBuildPhase;
			buildActionMask = 2147483647;
			files = (
				ACFE04712225CBEC005DCE14 /* MainTabBarDisplayFactory.swift in Sources */,
				AC6640832206E19F00C95B6E /* ImageEditorViewController.swift in Sources */,
				ACFE04442225C3A3005DCE14 /* SharedImagesListRouter.swift in Sources */,
				ACFE04832227201B005DCE14 /* ImageStorageManager.swift in Sources */,
				ACFE046D2225CBEC005DCE14 /* MainTabBarRouterFactory.swift in Sources */,
				AC664093220774BA00C95B6E /* ImageEditorRouter.swift in Sources */,
				ACFE04402225C3A3005DCE14 /* SharedImagesListViewController.swift in Sources */,
				AC66409D220A231000C95B6E /* Meme.swift in Sources */,
				AC6640812206E19F00C95B6E /* AppDelegate.swift in Sources */,
				ACFE047D2225D128005DCE14 /* SharedImagesGridInteractor.swift in Sources */,
				ACFE046F2225CBEC005DCE14 /* MainTabBarRouter.swift in Sources */,
				AC6640AE220CB3DD00C95B6E /* ImageEditorDisplayFactory.swift in Sources */,
				AC168113222C4BBC0012B378 /* SharedImagePreviewViewController.swift in Sources */,
				AC168117222C4BBC0012B378 /* SharedImagePreviewRouter.swift in Sources */,
				ACFE047E2225D128005DCE14 /* SharedImagesGridRouter.swift in Sources */,
				ACFE04452225C3A3005DCE14 /* SharedImagesListPresenter.swift in Sources */,
				ACFE04432225C3A3005DCE14 /* SharedImagesListInteractor.swift in Sources */,
				ACFE047F2225D128005DCE14 /* SharedImagesGridPresenter.swift in Sources */,
				AC6640A7220B7A7500C95B6E /* ImageEditorViewState.swift in Sources */,
				ACFE0486222724A0005DCE14 /* ImageStore.xcdatamodeld in Sources */,
				AC168118222C4BBC0012B378 /* SharedImagePreviewPresenter.swift in Sources */,
				ACFE04462225C3A3005DCE14 /* SharedImagesListDisplayFactory.swift in Sources */,
				ACFE046B2225CBEC005DCE14 /* MainTabBarViewController.swift in Sources */,
				AC66409B22078EB500C95B6E /* KeyboardSlide.swift in Sources */,
				ACFE04422225C3A3005DCE14 /* SharedImagesListRouterFactory.swift in Sources */,
				AC6640A1220A485700C95B6E /* UserText.swift in Sources */,
				AC168116222C4BBC0012B378 /* SharedImagePreviewInteractor.swift in Sources */,
				AC6640B0220CB8A000C95B6E /* ImageEditorRouterFactory.swift in Sources */,
				AC168109222879500012B378 /* SharedImagesListDataSource.swift in Sources */,
				ACFE047C2225D128005DCE14 /* SharedImagesGridRouterFactory.swift in Sources */,
				AC6640AA220B8CC700C95B6E /* Theme.swift in Sources */,
				AC6640952207753200C95B6E /* ImageEditorInteractor.swift in Sources */,
				ACFE047A2225D128005DCE14 /* SharedImagesGridViewController.swift in Sources */,
				AC66409F220A411B00C95B6E /* ImageEditorPresenter.swift in Sources */,
				AC168119222C4BBC0012B378 /* SharedImagePreviewDisplayFactory.swift in Sources */,
				ACFE04802225D128005DCE14 /* SharedImagesGridDisplayFactory.swift in Sources */,
				AC168115222C4BBC0012B378 /* SharedImagePreviewRouterFactory.swift in Sources */,
				AC16810522284E730012B378 /* SharedImagesListCell.swift in Sources */,
				ACFE04AA22273DC7005DCE14 /* Dependencies.swift in Sources */,
			);
			runOnlyForDeploymentPostprocessing = 0;
		};
/* End PBXSourcesBuildPhase section */

/* Begin PBXVariantGroup section */
		AC6640892206E1A300C95B6E /* LaunchScreen.storyboard */ = {
			isa = PBXVariantGroup;
			children = (
				AC66408A2206E1A300C95B6E /* Base */,
			);
			name = LaunchScreen.storyboard;
			sourceTree = "<group>";
		};
/* End PBXVariantGroup section */

/* Begin XCBuildConfiguration section */
		AC66408D2206E1A300C95B6E /* Debug */ = {
			isa = XCBuildConfiguration;
			buildSettings = {
				ALWAYS_SEARCH_USER_PATHS = NO;
				CLANG_ANALYZER_NONNULL = YES;
				CLANG_ANALYZER_NUMBER_OBJECT_CONVERSION = YES_AGGRESSIVE;
				CLANG_CXX_LANGUAGE_STANDARD = "gnu++14";
				CLANG_CXX_LIBRARY = "libc++";
				CLANG_ENABLE_MODULES = YES;
				CLANG_ENABLE_OBJC_ARC = YES;
				CLANG_ENABLE_OBJC_WEAK = YES;
				CLANG_WARN_BLOCK_CAPTURE_AUTORELEASING = YES;
				CLANG_WARN_BOOL_CONVERSION = YES;
				CLANG_WARN_COMMA = YES;
				CLANG_WARN_CONSTANT_CONVERSION = YES;
				CLANG_WARN_DEPRECATED_OBJC_IMPLEMENTATIONS = YES;
				CLANG_WARN_DIRECT_OBJC_ISA_USAGE = YES_ERROR;
				CLANG_WARN_DOCUMENTATION_COMMENTS = YES;
				CLANG_WARN_EMPTY_BODY = YES;
				CLANG_WARN_ENUM_CONVERSION = YES;
				CLANG_WARN_INFINITE_RECURSION = YES;
				CLANG_WARN_INT_CONVERSION = YES;
				CLANG_WARN_NON_LITERAL_NULL_CONVERSION = YES;
				CLANG_WARN_OBJC_IMPLICIT_RETAIN_SELF = YES;
				CLANG_WARN_OBJC_LITERAL_CONVERSION = YES;
				CLANG_WARN_OBJC_ROOT_CLASS = YES_ERROR;
				CLANG_WARN_RANGE_LOOP_ANALYSIS = YES;
				CLANG_WARN_STRICT_PROTOTYPES = YES;
				CLANG_WARN_SUSPICIOUS_MOVE = YES;
				CLANG_WARN_UNGUARDED_AVAILABILITY = YES_AGGRESSIVE;
				CLANG_WARN_UNREACHABLE_CODE = YES;
				CLANG_WARN__DUPLICATE_METHOD_MATCH = YES;
				CODE_SIGN_IDENTITY = "iPhone Developer";
				COPY_PHASE_STRIP = NO;
				DEBUG_INFORMATION_FORMAT = dwarf;
				ENABLE_STRICT_OBJC_MSGSEND = YES;
				ENABLE_TESTABILITY = YES;
				GCC_C_LANGUAGE_STANDARD = gnu11;
				GCC_DYNAMIC_NO_PIC = NO;
				GCC_NO_COMMON_BLOCKS = YES;
				GCC_OPTIMIZATION_LEVEL = 0;
				GCC_PREPROCESSOR_DEFINITIONS = (
					"DEBUG=1",
					"$(inherited)",
				);
				GCC_WARN_64_TO_32_BIT_CONVERSION = YES;
				GCC_WARN_ABOUT_RETURN_TYPE = YES_ERROR;
				GCC_WARN_UNDECLARED_SELECTOR = YES;
				GCC_WARN_UNINITIALIZED_AUTOS = YES_AGGRESSIVE;
				GCC_WARN_UNUSED_FUNCTION = YES;
				GCC_WARN_UNUSED_VARIABLE = YES;
				IPHONEOS_DEPLOYMENT_TARGET = 12.1;
				MTL_ENABLE_DEBUG_INFO = INCLUDE_SOURCE;
				MTL_FAST_MATH = YES;
				ONLY_ACTIVE_ARCH = YES;
				SDKROOT = iphoneos;
				SWIFT_ACTIVE_COMPILATION_CONDITIONS = DEBUG;
				SWIFT_OPTIMIZATION_LEVEL = "-Onone";
			};
			name = Debug;
		};
		AC66408E2206E1A300C95B6E /* Release */ = {
			isa = XCBuildConfiguration;
			buildSettings = {
				ALWAYS_SEARCH_USER_PATHS = NO;
				CLANG_ANALYZER_NONNULL = YES;
				CLANG_ANALYZER_NUMBER_OBJECT_CONVERSION = YES_AGGRESSIVE;
				CLANG_CXX_LANGUAGE_STANDARD = "gnu++14";
				CLANG_CXX_LIBRARY = "libc++";
				CLANG_ENABLE_MODULES = YES;
				CLANG_ENABLE_OBJC_ARC = YES;
				CLANG_ENABLE_OBJC_WEAK = YES;
				CLANG_WARN_BLOCK_CAPTURE_AUTORELEASING = YES;
				CLANG_WARN_BOOL_CONVERSION = YES;
				CLANG_WARN_COMMA = YES;
				CLANG_WARN_CONSTANT_CONVERSION = YES;
				CLANG_WARN_DEPRECATED_OBJC_IMPLEMENTATIONS = YES;
				CLANG_WARN_DIRECT_OBJC_ISA_USAGE = YES_ERROR;
				CLANG_WARN_DOCUMENTATION_COMMENTS = YES;
				CLANG_WARN_EMPTY_BODY = YES;
				CLANG_WARN_ENUM_CONVERSION = YES;
				CLANG_WARN_INFINITE_RECURSION = YES;
				CLANG_WARN_INT_CONVERSION = YES;
				CLANG_WARN_NON_LITERAL_NULL_CONVERSION = YES;
				CLANG_WARN_OBJC_IMPLICIT_RETAIN_SELF = YES;
				CLANG_WARN_OBJC_LITERAL_CONVERSION = YES;
				CLANG_WARN_OBJC_ROOT_CLASS = YES_ERROR;
				CLANG_WARN_RANGE_LOOP_ANALYSIS = YES;
				CLANG_WARN_STRICT_PROTOTYPES = YES;
				CLANG_WARN_SUSPICIOUS_MOVE = YES;
				CLANG_WARN_UNGUARDED_AVAILABILITY = YES_AGGRESSIVE;
				CLANG_WARN_UNREACHABLE_CODE = YES;
				CLANG_WARN__DUPLICATE_METHOD_MATCH = YES;
				CODE_SIGN_IDENTITY = "iPhone Developer";
				COPY_PHASE_STRIP = NO;
				DEBUG_INFORMATION_FORMAT = "dwarf-with-dsym";
				ENABLE_NS_ASSERTIONS = NO;
				ENABLE_STRICT_OBJC_MSGSEND = YES;
				GCC_C_LANGUAGE_STANDARD = gnu11;
				GCC_NO_COMMON_BLOCKS = YES;
				GCC_WARN_64_TO_32_BIT_CONVERSION = YES;
				GCC_WARN_ABOUT_RETURN_TYPE = YES_ERROR;
				GCC_WARN_UNDECLARED_SELECTOR = YES;
				GCC_WARN_UNINITIALIZED_AUTOS = YES_AGGRESSIVE;
				GCC_WARN_UNUSED_FUNCTION = YES;
				GCC_WARN_UNUSED_VARIABLE = YES;
				IPHONEOS_DEPLOYMENT_TARGET = 12.1;
				MTL_ENABLE_DEBUG_INFO = NO;
				MTL_FAST_MATH = YES;
				SDKROOT = iphoneos;
				SWIFT_COMPILATION_MODE = wholemodule;
				SWIFT_OPTIMIZATION_LEVEL = "-O";
				VALIDATE_PRODUCT = YES;
			};
			name = Release;
		};
		AC6640902206E1A300C95B6E /* Debug */ = {
			isa = XCBuildConfiguration;
			buildSettings = {
				ASSETCATALOG_COMPILER_APPICON_NAME = AppIcon;
				CODE_SIGN_STYLE = Automatic;
				DEVELOPMENT_TEAM = R7K5GU674A;
				INFOPLIST_FILE = MemeMe/Info.plist;
				LD_RUNPATH_SEARCH_PATHS = (
					"$(inherited)",
					"@executable_path/Frameworks",
				);
				PRODUCT_BUNDLE_IDENTIFIER = com.ios.MemeMe;
				PRODUCT_NAME = "$(TARGET_NAME)";
				SWIFT_VERSION = 4.2;
				TARGETED_DEVICE_FAMILY = "1,2";
			};
			name = Debug;
		};
		AC6640912206E1A300C95B6E /* Release */ = {
			isa = XCBuildConfiguration;
			buildSettings = {
				ASSETCATALOG_COMPILER_APPICON_NAME = AppIcon;
				CODE_SIGN_STYLE = Automatic;
				DEVELOPMENT_TEAM = R7K5GU674A;
				INFOPLIST_FILE = MemeMe/Info.plist;
				LD_RUNPATH_SEARCH_PATHS = (
					"$(inherited)",
					"@executable_path/Frameworks",
				);
				PRODUCT_BUNDLE_IDENTIFIER = com.ios.MemeMe;
				PRODUCT_NAME = "$(TARGET_NAME)";
				SWIFT_VERSION = 4.2;
				TARGETED_DEVICE_FAMILY = "1,2";
			};
			name = Release;
		};
/* End XCBuildConfiguration section */

/* Begin XCConfigurationList section */
		AC6640782206E19F00C95B6E /* Build configuration list for PBXProject "MemeMe" */ = {
			isa = XCConfigurationList;
			buildConfigurations = (
				AC66408D2206E1A300C95B6E /* Debug */,
				AC66408E2206E1A300C95B6E /* Release */,
			);
			defaultConfigurationIsVisible = 0;
			defaultConfigurationName = Release;
		};
		AC66408F2206E1A300C95B6E /* Build configuration list for PBXNativeTarget "MemeMe" */ = {
			isa = XCConfigurationList;
			buildConfigurations = (
				AC6640902206E1A300C95B6E /* Debug */,
				AC6640912206E1A300C95B6E /* Release */,
			);
			defaultConfigurationIsVisible = 0;
			defaultConfigurationName = Release;
		};
/* End XCConfigurationList section */

/* Begin XCVersionGroup section */
		ACFE0484222724A0005DCE14 /* ImageStore.xcdatamodeld */ = {
			isa = XCVersionGroup;
			children = (
				ACFE0485222724A0005DCE14 /* Model.xcdatamodel */,
			);
			currentVersion = ACFE0485222724A0005DCE14 /* Model.xcdatamodel */;
			path = ImageStore.xcdatamodeld;
			sourceTree = "<group>";
			versionGroupType = wrapper.xcdatamodel;
		};
/* End XCVersionGroup section */
	};
	rootObject = AC6640752206E19F00C95B6E /* Project object */;
}
